// !$*UTF8*$!
{
	archiveVersion = 1;
	classes = {
	};
	objectVersion = 77;
	objects = {

/* Begin PBXContainerItemProxy section */
		AC4D7AF42D259782005AF5B5 /* PBXContainerItemProxy */ = {
			isa = PBXContainerItemProxy;
			containerPortal = AC4D7ADB2D259781005AF5B5 /* Project object */;
			proxyType = 1;
			remoteGlobalIDString = AC4D7AE22D259781005AF5B5;
			remoteInfo = LifeTrack;
		};
		AC4D7AFE2D259782005AF5B5 /* PBXContainerItemProxy */ = {
			isa = PBXContainerItemProxy;
			containerPortal = AC4D7ADB2D259781005AF5B5 /* Project object */;
			proxyType = 1;
			remoteGlobalIDString = AC4D7AE22D259781005AF5B5;
			remoteInfo = LifeTrack;
		};
/* End PBXContainerItemProxy section */

/* Begin PBXFileReference section */
		AC4D7AE32D259781005AF5B5 /* LifeTrack.app */ = {isa = PBXFileReference; explicitFileType = wrapper.application; includeInIndex = 0; path = LifeTrack.app; sourceTree = BUILT_PRODUCTS_DIR; };
		AC4D7AF32D259782005AF5B5 /* LifeTrackTests.xctest */ = {isa = PBXFileReference; explicitFileType = wrapper.cfbundle; includeInIndex = 0; path = LifeTrackTests.xctest; sourceTree = BUILT_PRODUCTS_DIR; };
		AC4D7AFD2D259782005AF5B5 /* LifeTrackUITests.xctest */ = {isa = PBXFileReference; explicitFileType = wrapper.cfbundle; includeInIndex = 0; path = LifeTrackUITests.xctest; sourceTree = BUILT_PRODUCTS_DIR; };
/* End PBXFileReference section */

/* Begin PBXFileSystemSynchronizedRootGroup section */
		AC4D7AE52D259781005AF5B5 /* LifeTrack */ = {
			isa = PBXFileSystemSynchronizedRootGroup;
			path = LifeTrack;
			sourceTree = "<group>";
		};
		AC4D7AF62D259782005AF5B5 /* LifeTrackTests */ = {
			isa = PBXFileSystemSynchronizedRootGroup;
			path = LifeTrackTests;
			sourceTree = "<group>";
		};
		AC4D7B002D259782005AF5B5 /* LifeTrackUITests */ = {
			isa = PBXFileSystemSynchronizedRootGroup;
			path = LifeTrackUITests;
			sourceTree = "<group>";
		};
/* End PBXFileSystemSynchronizedRootGroup section */

/* Begin PBXFrameworksBuildPhase section */
		AC4D7AE02D259781005AF5B5 /* Frameworks */ = {
			isa = PBXFrameworksBuildPhase;
			buildActionMask = 2147483647;
			files = (
			);
			runOnlyForDeploymentPostprocessing = 0;
		};
		AC4D7AF02D259782005AF5B5 /* Frameworks */ = {
			isa = PBXFrameworksBuildPhase;
			buildActionMask = 2147483647;
			files = (
			);
			runOnlyForDeploymentPostprocessing = 0;
		};
		AC4D7AFA2D259782005AF5B5 /* Frameworks */ = {
			isa = PBXFrameworksBuildPhase;
			buildActionMask = 2147483647;
			files = (
			);
			runOnlyForDeploymentPostprocessing = 0;
		};
/* End PBXFrameworksBuildPhase section */

/* Begin PBXGroup section */
		AC4D7ADA2D259781005AF5B5 = {
			isa = PBXGroup;
			children = (
				AC4D7AE52D259781005AF5B5 /* LifeTrack */,
				AC4D7AF62D259782005AF5B5 /* LifeTrackTests */,
				AC4D7B002D259782005AF5B5 /* LifeTrackUITests */,
				AC4D7AE42D259781005AF5B5 /* Products */,
			);
			sourceTree = "<group>";
		};
		AC4D7AE42D259781005AF5B5 /* Products */ = {
			isa = PBXGroup;
			children = (
				AC4D7AE32D259781005AF5B5 /* LifeTrack.app */,
				AC4D7AF32D259782005AF5B5 /* LifeTrackTests.xctest */,
				AC4D7AFD2D259782005AF5B5 /* LifeTrackUITests.xctest */,
			);
			name = Products;
			sourceTree = "<group>";
		};
/* End PBXGroup section */

/* Begin PBXNativeTarget section */
		AC4D7AE22D259781005AF5B5 /* LifeTrack */ = {
			isa = PBXNativeTarget;
			buildConfigurationList = AC4D7B072D259782005AF5B5 /* Build configuration list for PBXNativeTarget "LifeTrack" */;
			buildPhases = (
				AC4D7ADF2D259781005AF5B5 /* Sources */,
				AC4D7AE02D259781005AF5B5 /* Frameworks */,
				AC4D7AE12D259781005AF5B5 /* Resources */,
			);
			buildRules = (
			);
			dependencies = (
			);
			fileSystemSynchronizedGroups = (
				AC4D7AE52D259781005AF5B5 /* LifeTrack */,
			);
			name = LifeTrack;
			packageProductDependencies = (
			);
			productName = LifeTrack;
			productReference = AC4D7AE32D259781005AF5B5 /* LifeTrack.app */;
			productType = "com.apple.product-type.application";
		};
		AC4D7AF22D259782005AF5B5 /* LifeTrackTests */ = {
			isa = PBXNativeTarget;
			buildConfigurationList = AC4D7B0A2D259782005AF5B5 /* Build configuration list for PBXNativeTarget "LifeTrackTests" */;
			buildPhases = (
				AC4D7AEF2D259782005AF5B5 /* Sources */,
				AC4D7AF02D259782005AF5B5 /* Frameworks */,
				AC4D7AF12D259782005AF5B5 /* Resources */,
			);
			buildRules = (
			);
			dependencies = (
				AC4D7AF52D259782005AF5B5 /* PBXTargetDependency */,
			);
			fileSystemSynchronizedGroups = (
				AC4D7AF62D259782005AF5B5 /* LifeTrackTests */,
			);
			name = LifeTrackTests;
			packageProductDependencies = (
			);
			productName = LifeTrackTests;
			productReference = AC4D7AF32D259782005AF5B5 /* LifeTrackTests.xctest */;
			productType = "com.apple.product-type.bundle.unit-test";
		};
		AC4D7AFC2D259782005AF5B5 /* LifeTrackUITests */ = {
			isa = PBXNativeTarget;
			buildConfigurationList = AC4D7B0D2D259782005AF5B5 /* Build configuration list for PBXNativeTarget "LifeTrackUITests" */;
			buildPhases = (
				AC4D7AF92D259782005AF5B5 /* Sources */,
				AC4D7AFA2D259782005AF5B5 /* Frameworks */,
				AC4D7AFB2D259782005AF5B5 /* Resources */,
			);
			buildRules = (
			);
			dependencies = (
				AC4D7AFF2D259782005AF5B5 /* PBXTargetDependency */,
			);
			fileSystemSynchronizedGroups = (
				AC4D7B002D259782005AF5B5 /* LifeTrackUITests */,
			);
			name = LifeTrackUITests;
			packageProductDependencies = (
			);
			productName = LifeTrackUITests;
			productReference = AC4D7AFD2D259782005AF5B5 /* LifeTrackUITests.xctest */;
			productType = "com.apple.product-type.bundle.ui-testing";
		};
/* End PBXNativeTarget section */

/* Begin PBXProject section */
		AC4D7ADB2D259781005AF5B5 /* Project object */ = {
			isa = PBXProject;
			attributes = {
				BuildIndependentTargetsInParallel = 1;
				LastSwiftUpdateCheck = 1620;
				LastUpgradeCheck = 1620;
				TargetAttributes = {
					AC4D7AE22D259781005AF5B5 = {
						CreatedOnToolsVersion = 16.2;
					};
					AC4D7AF22D259782005AF5B5 = {
						CreatedOnToolsVersion = 16.2;
						TestTargetID = AC4D7AE22D259781005AF5B5;
					};
					AC4D7AFC2D259782005AF5B5 = {
						CreatedOnToolsVersion = 16.2;
						TestTargetID = AC4D7AE22D259781005AF5B5;
					};
				};
			};
			buildConfigurationList = AC4D7ADE2D259781005AF5B5 /* Build configuration list for PBXProject "LifeTrack" */;
			developmentRegion = en;
			hasScannedForEncodings = 0;
			knownRegions = (
				en,
				Base,
			);
			mainGroup = AC4D7ADA2D259781005AF5B5;
			minimizedProjectReferenceProxies = 1;
			preferredProjectObjectVersion = 77;
			productRefGroup = AC4D7AE42D259781005AF5B5 /* Products */;
			projectDirPath = "";
			projectRoot = "";
			targets = (
				AC4D7AE22D259781005AF5B5 /* LifeTrack */,
				AC4D7AF22D259782005AF5B5 /* LifeTrackTests */,
				AC4D7AFC2D259782005AF5B5 /* LifeTrackUITests */,
			);
		};
/* End PBXProject section */

/* Begin PBXResourcesBuildPhase section */
		AC4D7AE12D259781005AF5B5 /* Resources */ = {
			isa = PBXResourcesBuildPhase;
			buildActionMask = 2147483647;
			files = (
			);
			runOnlyForDeploymentPostprocessing = 0;
		};
		AC4D7AF12D259782005AF5B5 /* Resources */ = {
			isa = PBXResourcesBuildPhase;
			buildActionMask = 2147483647;
			files = (
			);
			runOnlyForDeploymentPostprocessing = 0;
		};
		AC4D7AFB2D259782005AF5B5 /* Resources */ = {
			isa = PBXResourcesBuildPhase;
			buildActionMask = 2147483647;
			files = (
			);
			runOnlyForDeploymentPostprocessing = 0;
		};
/* End PBXResourcesBuildPhase section */

/* Begin PBXSourcesBuildPhase section */
		AC4D7ADF2D259781005AF5B5 /* Sources */ = {
			isa = PBXSourcesBuildPhase;
			buildActionMask = 2147483647;
			files = (
			);
			runOnlyForDeploymentPostprocessing = 0;
		};
		AC4D7AEF2D259782005AF5B5 /* Sources */ = {
			isa = PBXSourcesBuildPhase;
			buildActionMask = 2147483647;
			files = (
			);
			runOnlyForDeploymentPostprocessing = 0;
		};
		AC4D7AF92D259782005AF5B5 /* Sources */ = {
			isa = PBXSourcesBuildPhase;
			buildActionMask = 2147483647;
			files = (
			);
			runOnlyForDeploymentPostprocessing = 0;
		};
/* End PBXSourcesBuildPhase section */

/* Begin PBXTargetDependency section */
		AC4D7AF52D259782005AF5B5 /* PBXTargetDependency */ = {
			isa = PBXTargetDependency;
			target = AC4D7AE22D259781005AF5B5 /* LifeTrack */;
			targetProxy = AC4D7AF42D259782005AF5B5 /* PBXContainerItemProxy */;
		};
		AC4D7AFF2D259782005AF5B5 /* PBXTargetDependency */ = {
			isa = PBXTargetDependency;
			target = AC4D7AE22D259781005AF5B5 /* LifeTrack */;
			targetProxy = AC4D7AFE2D259782005AF5B5 /* PBXContainerItemProxy */;
		};
/* End PBXTargetDependency section */

/* Begin XCBuildConfiguration section */
		AC4D7B052D259782005AF5B5 /* Debug */ = {
			isa = XCBuildConfiguration;
			buildSettings = {
				ALWAYS_SEARCH_USER_PATHS = NO;
				ASSETCATALOG_COMPILER_GENERATE_SWIFT_ASSET_SYMBOL_EXTENSIONS = YES;
				CLANG_ANALYZER_NONNULL = YES;
				CLANG_ANALYZER_NUMBER_OBJECT_CONVERSION = YES_AGGRESSIVE;
				CLANG_CXX_LANGUAGE_STANDARD = "gnu++20";
				CLANG_ENABLE_MODULES = YES;
				CLANG_ENABLE_OBJC_ARC = YES;
				CLANG_ENABLE_OBJC_WEAK = YES;
				CLANG_WARN_BLOCK_CAPTURE_AUTORELEASING = YES;
				CLANG_WARN_BOOL_CONVERSION = YES;
				CLANG_WARN_COMMA = YES;
				CLANG_WARN_CONSTANT_CONVERSION = YES;
				CLANG_WARN_DEPRECATED_OBJC_IMPLEMENTATIONS = YES;
				CLANG_WARN_DIRECT_OBJC_ISA_USAGE = YES_ERROR;
				CLANG_WARN_DOCUMENTATION_COMMENTS = YES;
				CLANG_WARN_EMPTY_BODY = YES;
				CLANG_WARN_ENUM_CONVERSION = YES;
				CLANG_WARN_INFINITE_RECURSION = YES;
				CLANG_WARN_INT_CONVERSION = YES;
				CLANG_WARN_NON_LITERAL_NULL_CONVERSION = YES;
				CLANG_WARN_OBJC_IMPLICIT_RETAIN_SELF = YES;
				CLANG_WARN_OBJC_LITERAL_CONVERSION = YES;
				CLANG_WARN_OBJC_ROOT_CLASS = YES_ERROR;
				CLANG_WARN_QUOTED_INCLUDE_IN_FRAMEWORK_HEADER = YES;
				CLANG_WARN_RANGE_LOOP_ANALYSIS = YES;
				CLANG_WARN_STRICT_PROTOTYPES = YES;
				CLANG_WARN_SUSPICIOUS_MOVE = YES;
				CLANG_WARN_UNGUARDED_AVAILABILITY = YES_AGGRESSIVE;
				CLANG_WARN_UNREACHABLE_CODE = YES;
				CLANG_WARN__DUPLICATE_METHOD_MATCH = YES;
				COPY_PHASE_STRIP = NO;
				DEBUG_INFORMATION_FORMAT = dwarf;
				ENABLE_STRICT_OBJC_MSGSEND = YES;
				ENABLE_TESTABILITY = YES;
				ENABLE_USER_SCRIPT_SANDBOXING = YES;
				GCC_C_LANGUAGE_STANDARD = gnu17;
				GCC_DYNAMIC_NO_PIC = NO;
				GCC_NO_COMMON_BLOCKS = YES;
				GCC_OPTIMIZATION_LEVEL = 0;
				GCC_PREPROCESSOR_DEFINITIONS = (
					"DEBUG=1",
					"$(inherited)",
				);
				GCC_WARN_64_TO_32_BIT_CONVERSION = YES;
				GCC_WARN_ABOUT_RETURN_TYPE = YES_ERROR;
				GCC_WARN_UNDECLARED_SELECTOR = YES;
				GCC_WARN_UNINITIALIZED_AUTOS = YES_AGGRESSIVE;
				GCC_WARN_UNUSED_FUNCTION = YES;
				GCC_WARN_UNUSED_VARIABLE = YES;
				IPHONEOS_DEPLOYMENT_TARGET = 18.2;
				LOCALIZATION_PREFERS_STRING_CATALOGS = YES;
				MTL_ENABLE_DEBUG_INFO = INCLUDE_SOURCE;
				MTL_FAST_MATH = YES;
				ONLY_ACTIVE_ARCH = YES;
				SDKROOT = iphoneos;
				SWIFT_ACTIVE_COMPILATION_CONDITIONS = "DEBUG $(inherited)";
				SWIFT_OPTIMIZATION_LEVEL = "-Onone";
			};
			name = Debug;
		};
		AC4D7B062D259782005AF5B5 /* Release */ = {
			isa = XCBuildConfiguration;
			buildSettings = {
				ALWAYS_SEARCH_USER_PATHS = NO;
				ASSETCATALOG_COMPILER_GENERATE_SWIFT_ASSET_SYMBOL_EXTENSIONS = YES;
				CLANG_ANALYZER_NONNULL = YES;
				CLANG_ANALYZER_NUMBER_OBJECT_CONVERSION = YES_AGGRESSIVE;
				CLANG_CXX_LANGUAGE_STANDARD = "gnu++20";
				CLANG_ENABLE_MODULES = YES;
				CLANG_ENABLE_OBJC_ARC = YES;
				CLANG_ENABLE_OBJC_WEAK = YES;
				CLANG_WARN_BLOCK_CAPTURE_AUTORELEASING = YES;
				CLANG_WARN_BOOL_CONVERSION = YES;
				CLANG_WARN_COMMA = YES;
				CLANG_WARN_CONSTANT_CONVERSION = YES;
				CLANG_WARN_DEPRECATED_OBJC_IMPLEMENTATIONS = YES;
				CLANG_WARN_DIRECT_OBJC_ISA_USAGE = YES_ERROR;
				CLANG_WARN_DOCUMENTATION_COMMENTS = YES;
				CLANG_WARN_EMPTY_BODY = YES;
				CLANG_WARN_ENUM_CONVERSION = YES;
				CLANG_WARN_INFINITE_RECURSION = YES;
				CLANG_WARN_INT_CONVERSION = YES;
				CLANG_WARN_NON_LITERAL_NULL_CONVERSION = YES;
				CLANG_WARN_OBJC_IMPLICIT_RETAIN_SELF = YES;
				CLANG_WARN_OBJC_LITERAL_CONVERSION = YES;
				CLANG_WARN_OBJC_ROOT_CLASS = YES_ERROR;
				CLANG_WARN_QUOTED_INCLUDE_IN_FRAMEWORK_HEADER = YES;
				CLANG_WARN_RANGE_LOOP_ANALYSIS = YES;
				CLANG_WARN_STRICT_PROTOTYPES = YES;
				CLANG_WARN_SUSPICIOUS_MOVE = YES;
				CLANG_WARN_UNGUARDED_AVAILABILITY = YES_AGGRESSIVE;
				CLANG_WARN_UNREACHABLE_CODE = YES;
				CLANG_WARN__DUPLICATE_METHOD_MATCH = YES;
				COPY_PHASE_STRIP = NO;
				DEBUG_INFORMATION_FORMAT = "dwarf-with-dsym";
				ENABLE_NS_ASSERTIONS = NO;
				ENABLE_STRICT_OBJC_MSGSEND = YES;
				ENABLE_USER_SCRIPT_SANDBOXING = YES;
				GCC_C_LANGUAGE_STANDARD = gnu17;
				GCC_NO_COMMON_BLOCKS = YES;
				GCC_WARN_64_TO_32_BIT_CONVERSION = YES;
				GCC_WARN_ABOUT_RETURN_TYPE = YES_ERROR;
				GCC_WARN_UNDECLARED_SELECTOR = YES;
				GCC_WARN_UNINITIALIZED_AUTOS = YES_AGGRESSIVE;
				GCC_WARN_UNUSED_FUNCTION = YES;
				GCC_WARN_UNUSED_VARIABLE = YES;
				IPHONEOS_DEPLOYMENT_TARGET = 18.2;
				LOCALIZATION_PREFERS_STRING_CATALOGS = YES;
				MTL_ENABLE_DEBUG_INFO = NO;
				MTL_FAST_MATH = YES;
				SDKROOT = iphoneos;
				SWIFT_COMPILATION_MODE = wholemodule;
				VALIDATE_PRODUCT = YES;
			};
			name = Release;
		};
		AC4D7B082D259782005AF5B5 /* Debug */ = {
			isa = XCBuildConfiguration;
			buildSettings = {
				ASSETCATALOG_COMPILER_APPICON_NAME = AppIcon;
				ASSETCATALOG_COMPILER_GLOBAL_ACCENT_COLOR_NAME = AccentColor;
				CODE_SIGN_STYLE = Automatic;
				CURRENT_PROJECT_VERSION = 1;
				DEVELOPMENT_ASSET_PATHS = "\"LifeTrack/Preview Content\"";
				DEVELOPMENT_TEAM = 5TZ3H8R7V4;
				ENABLE_PREVIEWS = YES;
				GENERATE_INFOPLIST_FILE = YES;
				INFOPLIST_KEY_UIApplicationSceneManifest_Generation = YES;
				INFOPLIST_KEY_UIApplicationSupportsIndirectInputEvents = YES;
				INFOPLIST_KEY_UILaunchScreen_Generation = YES;
				INFOPLIST_KEY_UISupportedInterfaceOrientations_iPad = "UIInterfaceOrientationPortrait UIInterfaceOrientationPortraitUpsideDown UIInterfaceOrientationLandscapeLeft UIInterfaceOrientationLandscapeRight";
				INFOPLIST_KEY_UISupportedInterfaceOrientations_iPhone = "UIInterfaceOrientationPortrait UIInterfaceOrientationLandscapeLeft UIInterfaceOrientationLandscapeRight";
				LD_RUNPATH_SEARCH_PATHS = (
					"$(inherited)",
					"@executable_path/Frameworks",
				);
				MARKETING_VERSION = 1.0;
				PRODUCT_BUNDLE_IDENTIFIER = community.evergrow.LifeTrack;
				PRODUCT_NAME = "$(TARGET_NAME)";
				SWIFT_EMIT_LOC_STRINGS = YES;
				SWIFT_VERSION = 5.0;
				TARGETED_DEVICE_FAMILY = "1,2";
			};
			name = Debug;
		};
		AC4D7B092D259782005AF5B5 /* Release */ = {
			isa = XCBuildConfiguration;
			buildSettings = {
				ASSETCATALOG_COMPILER_APPICON_NAME = AppIcon;
				ASSETCATALOG_COMPILER_GLOBAL_ACCENT_COLOR_NAME = AccentColor;
				CODE_SIGN_STYLE = Automatic;
				CURRENT_PROJECT_VERSION = 1;
				DEVELOPMENT_ASSET_PATHS = "\"LifeTrack/Preview Content\"";
				DEVELOPMENT_TEAM = 5TZ3H8R7V4;
				ENABLE_PREVIEWS = YES;
				GENERATE_INFOPLIST_FILE = YES;
				INFOPLIST_KEY_UIApplicationSceneManifest_Generation = YES;
				INFOPLIST_KEY_UIApplicationSupportsIndirectInputEvents = YES;
				INFOPLIST_KEY_UILaunchScreen_Generation = YES;
				INFOPLIST_KEY_UISupportedInterfaceOrientations_iPad = "UIInterfaceOrientationPortrait UIInterfaceOrientationPortraitUpsideDown UIInterfaceOrientationLandscapeLeft UIInterfaceOrientationLandscapeRight";
				INFOPLIST_KEY_UISupportedInterfaceOrientations_iPhone = "UIInterfaceOrientationPortrait UIInterfaceOrientationLandscapeLeft UIInterfaceOrientationLandscapeRight";
				LD_RUNPATH_SEARCH_PATHS = (
					"$(inherited)",
					"@executable_path/Frameworks",
				);
				MARKETING_VERSION = 1.0;
				PRODUCT_BUNDLE_IDENTIFIER = community.evergrow.LifeTrack;
				PRODUCT_NAME = "$(TARGET_NAME)";
				SWIFT_EMIT_LOC_STRINGS = YES;
				SWIFT_VERSION = 5.0;
				TARGETED_DEVICE_FAMILY = "1,2";
			};
			name = Release;
		};
		AC4D7B0B2D259782005AF5B5 /* Debug */ = {
			isa = XCBuildConfiguration;
			buildSettings = {
				BUNDLE_LOADER = "$(TEST_HOST)";
				CODE_SIGN_STYLE = Automatic;
				CURRENT_PROJECT_VERSION = 1;
				DEVELOPMENT_TEAM = 5TZ3H8R7V4;
				GENERATE_INFOPLIST_FILE = YES;
				IPHONEOS_DEPLOYMENT_TARGET = 18.2;
				MARKETING_VERSION = 1.0;
				PRODUCT_BUNDLE_IDENTIFIER = community.evergrow.LifeTrackTests;
				PRODUCT_NAME = "$(TARGET_NAME)";
				SWIFT_EMIT_LOC_STRINGS = NO;
				SWIFT_VERSION = 5.0;
				TARGETED_DEVICE_FAMILY = "1,2";
				TEST_HOST = "$(BUILT_PRODUCTS_DIR)/LifeTrack.app/$(BUNDLE_EXECUTABLE_FOLDER_PATH)/LifeTrack";
			};
			name = Debug;
		};
		AC4D7B0C2D259782005AF5B5 /* Release */ = {
			isa = XCBuildConfiguration;
			buildSettings = {
				BUNDLE_LOADER = "$(TEST_HOST)";
				CODE_SIGN_STYLE = Automatic;
				CURRENT_PROJECT_VERSION = 1;
				DEVELOPMENT_TEAM = 5TZ3H8R7V4;
				GENERATE_INFOPLIST_FILE = YES;
				IPHONEOS_DEPLOYMENT_TARGET = 18.2;
				MARKETING_VERSION = 1.0;
				PRODUCT_BUNDLE_IDENTIFIER = community.evergrow.LifeTrackTests;
				PRODUCT_NAME = "$(TARGET_NAME)";
				SWIFT_EMIT_LOC_STRINGS = NO;
				SWIFT_VERSION = 5.0;
				TARGETED_DEVICE_FAMILY = "1,2";
				TEST_HOST = "$(BUILT_PRODUCTS_DIR)/LifeTrack.app/$(BUNDLE_EXECUTABLE_FOLDER_PATH)/LifeTrack";
			};
			name = Release;
		};
		AC4D7B0E2D259782005AF5B5 /* Debug */ = {
			isa = XCBuildConfiguration;
			buildSettings = {
				CODE_SIGN_STYLE = Automatic;
				CURRENT_PROJECT_VERSION = 1;
				DEVELOPMENT_TEAM = 5TZ3H8R7V4;
				GENERATE_INFOPLIST_FILE = YES;
				MARKETING_VERSION = 1.0;
				PRODUCT_BUNDLE_IDENTIFIER = community.evergrow.LifeTrackUITests;
				PRODUCT_NAME = "$(TARGET_NAME)";
				SWIFT_EMIT_LOC_STRINGS = NO;
				SWIFT_VERSION = 5.0;
				TARGETED_DEVICE_FAMILY = "1,2";
				TEST_TARGET_NAME = LifeTrack;
			};
			name = Debug;
		};
		AC4D7B0F2D259782005AF5B5 /* Release */ = {
			isa = XCBuildConfiguration;
			buildSettings = {
				CODE_SIGN_STYLE = Automatic;
				CURRENT_PROJECT_VERSION = 1;
				DEVELOPMENT_TEAM = 5TZ3H8R7V4;
				GENERATE_INFOPLIST_FILE = YES;
				MARKETING_VERSION = 1.0;
				PRODUCT_BUNDLE_IDENTIFIER = community.evergrow.LifeTrackUITests;
				PRODUCT_NAME = "$(TARGET_NAME)";
				SWIFT_EMIT_LOC_STRINGS = NO;
				SWIFT_VERSION = 5.0;
				TARGETED_DEVICE_FAMILY = "1,2";
				TEST_TARGET_NAME = LifeTrack;
			};
			name = Release;
		};
/* End XCBuildConfiguration section */

/* Begin XCConfigurationList section */
		AC4D7ADE2D259781005AF5B5 /* Build configuration list for PBXProject "LifeTrack" */ = {
			isa = XCConfigurationList;
			buildConfigurations = (
				AC4D7B052D259782005AF5B5 /* Debug */,
				AC4D7B062D259782005AF5B5 /* Release */,
			);
			defaultConfigurationIsVisible = 0;
			defaultConfigurationName = Release;
		};
		AC4D7B072D259782005AF5B5 /* Build configuration list for PBXNativeTarget "LifeTrack" */ = {
			isa = XCConfigurationList;
			buildConfigurations = (
				AC4D7B082D259782005AF5B5 /* Debug */,
				AC4D7B092D259782005AF5B5 /* Release */,
			);
			defaultConfigurationIsVisible = 0;
			defaultConfigurationName = Release;
		};
		AC4D7B0A2D259782005AF5B5 /* Build configuration list for PBXNativeTarget "LifeTrackTests" */ = {
			isa = XCConfigurationList;
			buildConfigurations = (
				AC4D7B0B2D259782005AF5B5 /* Debug */,
				AC4D7B0C2D259782005AF5B5 /* Release */,
			);
			defaultConfigurationIsVisible = 0;
			defaultConfigurationName = Release;
		};
		AC4D7B0D2D259782005AF5B5 /* Build configuration list for PBXNativeTarget "LifeTrackUITests" */ = {
			isa = XCConfigurationList;
			buildConfigurations = (
				AC4D7B0E2D259782005AF5B5 /* Debug */,
				AC4D7B0F2D259782005AF5B5 /* Release */,
			);
			defaultConfigurationIsVisible = 0;
			defaultConfigurationName = Release;
		};
/* End XCConfigurationList section */
	};
	rootObject = AC4D7ADB2D259781005AF5B5 /* Project object */;
}
